{
  "name": "@seshat/agent-waiter",
  "version": "0.1.0",
  "lockfileVersion": 3,
  "requires": true,
  "packages": {
    "": {
      "name": "@seshat/agent-waiter",
      "version": "0.1.0",
      "devDependencies": {
        "@types/node": "latest",
        "redis": "6.3.0",
        "typescript": "5.9.3"
      },
      "engines": {
        "node": ">=22.0.0 <23"
      }
    },
    "node_modules/@redis/bloom": {
      "version": "6.3.0",
      "resolved": "https://registry.npmjs.org/@redis/bloom/-/bloom-6.3.0.tgz",
      "integrity": "sha512-NQ5poYpZr0jv6zazN1cy6JY5kIipKFZ3R9GTL4kOUTX3a9YAfY29U8bsE4lWhVQEM+G4V0BXVC57mubIdDijeA==",
      "dev": true,
      "license": "MIT",
      "engines": {
        "node": ">= 20.0.0"
      },
      "peerDependencies": {
        "@redis/client": "^6.3.0"
      }
    },
    "node_modules/@redis/client": {
      "version": "6.3.0",
      "resolved": "https://registry.npmjs.org/@redis/client/-/client-6.3.0.tgz",
      "integrity": "sha512-fHrjwGCBvAANGi+TuRuwKi83sIOzgHr8eh+Uf48w3fSX7Hhrz174NrWqfJhAC2vnN0d/tfaZpdr6+o6JC3QHwg==",
      "dev": true,
      "license": "MIT",
      "engines": {
        "node": ">= 20.0.0"
      },
      "peerDependencies": {
        "@node-rs/xxhash": "^1.1.0",
        "@opentelemetry/api": ">=1 <2"
      },
      "peerDependenciesMeta": {
        "@node-rs/xxhash": {
          "optional": true
        },
        "@opentelemetry/api": {
          "optional": true
        }
      }
    },
    "node_modules/@redis/json": {
      "version": "6.3.0",
      "resolved": "https://registry.npmjs.org/@redis/json/-/json-6.3.0.tgz",
      "integrity": "sha512-yt6vRfPBXtW/3qm53cF81TSQpLMjWdW4/2E9WQ2GgbvsKkuCKCFQIcMiKlil1ZMnezK+IQuS795xKU5psbaegw==",
      "dev": true,
      "license": "MIT",
      "engines": {
        "node": ">= 20.0.0"
      },
      "peerDependencies": {
        "@redis/client": "^6.3.0"
      }
    },
    "node_modules/@redis/search": {
      "version": "6.3.0",
      "resolved": "https://registry.npmjs.org/@redis/search/-/search-6.3.0.tgz",
      "integrity": "sha512-RPXAZmKjZZG7Tm7m1w9keFdXzbL91PiSHQBfQRe9xwW40jNsTRbG0FwhIz4QlHPU4gKDAsCy8IQHj4yZl4H9rw==",
      "dev": true,
      "license": "MIT",
      "engines": {
        "node": ">= 20.0.0"
      },
      "peerDependencies": {
        "@redis/client": "^6.3.0"
      }
    },
    "node_modules/@redis/time-series": {
      "version": "6.3.0",
      "resolved": "https://registry.npmjs.org/@redis/time-series/-/time-series-6.3.0.tgz",
      "integrity": "sha512-+fJOB8mN1z5WRakCJNh5lVdz1KqvHGSOistsKeitD24QsCtPwyRQXWC0iq6T/i/ubLE/YcguZqPm8F598MKk4A==",
      "dev": true,
      "license": "MIT",
      "engines": {
        "node": ">= 20.0.0"
      },
      "peerDependencies": {
        "@redis/client": "^6.3.0"
      }
    },
    "node_modules/@types/node": {
      "version": "26.6.4",
      "resolved": "https://registry.npmjs.org/@types/node/-/node-26.6.4.tgz",
      "integrity": "sha512-ldVPDCzj7fsaGZrLB0NuHuTvJcsNasysBAqMolr/cgxrLd1xbqxIr3XJiPnHHJUCxj5sNF1vnRj9aWnrVh5Jcg==",
      "dev": true,
      "license": "MIT",
      "dependencies": {
        "undici-types": "~8.9.0"
      }
    },
    "node_modules/redis": {
      "version": "6.3.0",
      "resolved": "https://registry.npmjs.org/redis/-/redis-6.3.0.tgz",
      "integrity": "sha512-XFQbPie1lGpKeUZ8ySYY43yLnQy/iIQtHNvIr/1XdaABpb96rUSdm3Mfl+98FEVbv9ZJIzINMno5s0Nh8E5LEw==",
      "dev": true,
      "license": "MIT",
      "dependencies": {
        "@redis/bloom": "6.3.0",
        "@redis/client": "6.3.0",
        "@redis/json": "6.3.0",
        "@redis/search": "6.3.0",
        "@redis/time-series": "6.3.0"
      },
      "engines": {
        "node": ">= 20.0.0"
      }
    },
    "node_modules/typescript": {
      "version": "5.9.3",
      "resolved": "https://registry.npmjs.org/typescript/-/typescript-5.9.3.tgz",
      "integrity": "sha512-jl1vZzPDinLr9eUt3J/t7V6FgNEw9QjvBPdysz9KfQDD41fQrC2Y4vKQdiaUpFT4bXlb1RHhLpp8wtm6M5TgSw==",
      "dev": true,
      "license": "Apache-2.0",
      "bin": {
        "tsc": "bin/tsc",
        "tsserver": "bin/tsserver"
      },
      "engines": {
        "node": ">=14.17"
      }
    },
    "node_modules/undici-types": {
      "version": "8.9.0",
      "resolved": "https://registry.npmjs.org/undici-types/-/undici-types-8.9.0.tgz",
      "integrity": "sha512-KTDyRTYX8sWmKXAikPHHSyc63CRPETMctyjKFupcC6OBLXT3xsN0e9aF7m+mIXutFWpUXuedtowG7iLOzp0kQg==",
      "dev": true,
      "license": "MIT"
    }
  }
}
